
Microsoft Visual Studio Solution File, Format Version 12.00
# Visual Studio Version 17
VisualStudioVersion = 17.0.31903.59
MinimumVisualStudioVersion = 10.0.40219.1
Project("{F2A71F9B-5D33-465A-A702-920D77279786}") = "AnalyticsService", "AnalyticsService\AnalyticsService.fsproj", "{6B5A1F27-63ED-4B4B-ABAA-E70F40E24EDF}"
EndProject
Project("{F2A71F9B-5D33-465A-A702-920D77279786}") = "AnalyticsService.TaskService", "AnalyticsService.TaskService\AnalyticsService.TaskService.fsproj", "{F07ACCF7-BF16-4581-A6A4-4FC5ADF67416}"
EndProject
Project("{F2A71F9B-5D33-465A-A702-920D77279786}") = "AnalyticsService.Database", "AnalyticsService.Database\AnalyticsService.Database.fsproj", "{C0A538C5-BBF5-4640-B365-77107D7FBE63}"
EndProject
Global
	GlobalSection(SolutionConfigurationPlatforms) = preSolution
		Debug|Any CPU = Debug|Any CPU
		Release|Any CPU = Release|Any CPU
	EndGlobalSection
	GlobalSection(SolutionProperties) = preSolution
		HideSolutionNode = FALSE
	EndGlobalSection
	GlobalSection(ProjectConfigurationPlatforms) = postSolution
		{6B5A1F27-63ED-4B4B-ABAA-E70F40E24EDF}.Debug|Any CPU.ActiveCfg = Debug|Any CPU
		{6B5A1F27-63ED-4B4B-ABAA-E70F40E24EDF}.Debug|Any CPU.Build.0 = Debug|Any CPU
		{6B5A1F27-63ED-4B4B-ABAA-E70F40E24EDF}.Release|Any CPU.ActiveCfg = Release|Any CPU
		{6B5A1F27-63ED-4B4B-ABAA-E70F40E24EDF}.Release|Any CPU.Build.0 = Release|Any CPU
		{F07ACCF7-BF16-4581-A6A4-4FC5ADF67416}.Debug|Any CPU.ActiveCfg = Debug|Any CPU
		{F07ACCF7-BF16-4581-A6A4-4FC5ADF67416}.Debug|Any CPU.Build.0 = Debug|Any CPU
		{F07ACCF7-BF16-4581-A6A4-4FC5ADF67416}.Release|Any CPU.ActiveCfg = Release|Any CPU
		{F07ACCF7-BF16-4581-A6A4-4FC5ADF67416}.Release|Any CPU.Build.0 = Release|Any CPU
		{C0A538C5-BBF5-4640-B365-77107D7FBE63}.Debug|Any CPU.ActiveCfg = Debug|Any CPU
		{C0A538C5-BBF5-4640-B365-77107D7FBE63}.Debug|Any CPU.Build.0 = Debug|Any CPU
		{C0A538C5-BBF5-4640-B365-77107D7FBE63}.Release|Any CPU.ActiveCfg = Release|Any CPU
		{C0A538C5-BBF5-4640-B365-77107D7FBE63}.Release|Any CPU.Build.0 = Release|Any CPU
	EndGlobalSection
EndGlobal
